// !$*UTF8*$!
{
	archiveVersion = 1;
	classes = {
	};
	objectVersion = 77;
	objects = {

/* Begin PBXBuildFile section */
		3E02C8BB2DC8DF7700108B7A /* LoopKit.framework in Frameworks */ = {isa = PBXBuildFile; fileRef = 3E02C8B92DC8DF7700108B7A /* LoopKit.framework */; };
		3E02C8BD2DC8DF7700108B7A /* LoopKitUI.framework in Frameworks */ = {isa = PBXBuildFile; fileRef = 3E02C8BA2DC8DF7700108B7A /* LoopKitUI.framework */; };
		3E6696ED2E927ED600AAE4F1 /* EversenseKit.framework in Frameworks */ = {isa = PBXBuildFile; fileRef = 3E02C8AA2DC8DEA600108B7A /* EversenseKit.framework */; };
		3E6696EE2E927ED600AAE4F1 /* EversenseKit.framework in Embed Frameworks */ = {isa = PBXBuildFile; fileRef = 3E02C8AA2DC8DEA600108B7A /* EversenseKit.framework */; settings = {ATTRIBUTES = (CodeSignOnCopy, RemoveHeadersOnCopy, ); }; };
		3EFE70872E08434B00CF6B9E /* EversenseKit.framework in Frameworks */ = {isa = PBXBuildFile; fileRef = 3E02C8AA2DC8DEA600108B7A /* EversenseKit.framework */; platformFilter = ios; };
/* End PBXBuildFile section */

/* Begin PBXContainerItemProxy section */
		3E6696EF2E927ED600AAE4F1 /* PBXContainerItemProxy */ = {
			isa = PBXContainerItemProxy;
			containerPortal = 3E02C8A12DC8DEA600108B7A /* Project object */;
			proxyType = 1;
			remoteGlobalIDString = 3E02C8A92DC8DEA600108B7A;
			remoteInfo = EversenseKit;
		};
		3EFE70882E08434B00CF6B9E /* PBXContainerItemProxy */ = {
			isa = PBXContainerItemProxy;
			containerPortal = 3E02C8A12DC8DEA600108B7A /* Project object */;
			proxyType = 1;
			remoteGlobalIDString = 3E02C8A92DC8DEA600108B7A;
			remoteInfo = EversenseKit;
		};
/* End PBXContainerItemProxy section */

/* Begin PBXCopyFilesBuildPhase section */
		3E6696F12E927ED600AAE4F1 /* Embed Frameworks */ = {
			isa = PBXCopyFilesBuildPhase;
			buildActionMask = 2147483647;
			dstPath = "";
			dstSubfolderSpec = 10;
			files = (
				3E6696EE2E927ED600AAE4F1 /* EversenseKit.framework in Embed Frameworks */,
			);
			name = "Embed Frameworks";
			runOnlyForDeploymentPostprocessing = 0;
		};
/* End PBXCopyFilesBuildPhase section */

/* Begin PBXFileReference section */
		3E02C8AA2DC8DEA600108B7A /* EversenseKit.framework */ = {isa = PBXFileReference; explicitFileType = wrapper.framework; includeInIndex = 0; path = EversenseKit.framework; sourceTree = BUILT_PRODUCTS_DIR; };
		3E02C8B92DC8DF7700108B7A /* LoopKit.framework */ = {isa = PBXFileReference; explicitFileType = wrapper.framework; path = LoopKit.framework; sourceTree = BUILT_PRODUCTS_DIR; };
		3E02C8BA2DC8DF7700108B7A /* LoopKitUI.framework */ = {isa = PBXFileReference; explicitFileType = wrapper.framework; path = LoopKitUI.framework; sourceTree = BUILT_PRODUCTS_DIR; };
		3E6696E62E927EB900AAE4F1 /* EversenseKitPlugin.loopplugin */ = {isa = PBXFileReference; explicitFileType = wrapper.framework; includeInIndex = 0; path = EversenseKitPlugin.loopplugin; sourceTree = BUILT_PRODUCTS_DIR; };
		3EFE70832E08434B00CF6B9E /* EversenseKitTests.xctest */ = {isa = PBXFileReference; explicitFileType = wrapper.cfbundle; includeInIndex = 0; path = EversenseKitTests.xctest; sourceTree = BUILT_PRODUCTS_DIR; };
/* End PBXFileReference section */

/* Begin PBXFileSystemSynchronizedBuildFileExceptionSet section */
		3E02C8AF2DC8DEA600108B7A /* Exceptions for "EversenseKit" folder in "EversenseKit" target */ = {
			isa = PBXFileSystemSynchronizedBuildFileExceptionSet;
			membershipExceptions = (
				Info.plist,
			);
			publicHeaders = (
				EversenseKit.h,
			);
			target = 3E02C8A92DC8DEA600108B7A /* EversenseKit */;
		};
		3E9D9D262EB02D7E00AF1BA6 /* Exceptions for "EversenseKitPlugin" folder in "EversenseKitPlugin" target */ = {
			isa = PBXFileSystemSynchronizedBuildFileExceptionSet;
			membershipExceptions = (
				Info.plist,
			);
			target = 3E6696E52E927EB900AAE4F1 /* EversenseKitPlugin */;
		};
/* End PBXFileSystemSynchronizedBuildFileExceptionSet section */

/* Begin PBXFileSystemSynchronizedRootGroup section */
		3E02C8AC2DC8DEA600108B7A /* EversenseKit */ = {
			isa = PBXFileSystemSynchronizedRootGroup;
			exceptions = (
				3E02C8AF2DC8DEA600108B7A /* Exceptions for "EversenseKit" folder in "EversenseKit" target */,
			);
			path = EversenseKit;
			sourceTree = "<group>";
		};
		3E1875CF2E914F6D00ECCB8C /* Common */ = {
			isa = PBXFileSystemSynchronizedRootGroup;
			path = Common;
			sourceTree = "<group>";
		};
		3E417D372DECD42B00D2BFB8 /* EversenseKitUI */ = {
			isa = PBXFileSystemSynchronizedRootGroup;
			path = EversenseKitUI;
			sourceTree = "<group>";
		};
		3E6696E72E927EB900AAE4F1 /* EversenseKitPlugin */ = {
			isa = PBXFileSystemSynchronizedRootGroup;
			exceptions = (
				3E9D9D262EB02D7E00AF1BA6 /* Exceptions for "EversenseKitPlugin" folder in "EversenseKitPlugin" target */,
			);
			path = EversenseKitPlugin;
			sourceTree = "<group>";
		};
		3EFE70842E08434B00CF6B9E /* EversenseKitTests */ = {
			isa = PBXFileSystemSynchronizedRootGroup;
			path = EversenseKitTests;
			sourceTree = "<group>";
		};
/* End PBXFileSystemSynchronizedRootGroup section */

/* Begin PBXFrameworksBuildPhase section */
		3E02C8A72DC8DEA600108B7A /* Frameworks */ = {
			isa = PBXFrameworksBuildPhase;
			buildActionMask = 2147483647;
			files = (
				3E02C8BB2DC8DF7700108B7A /* LoopKit.framework in Frameworks */,
				3E02C8BD2DC8DF7700108B7A /* LoopKitUI.framework in Frameworks */,
			);
			runOnlyForDeploymentPostprocessing = 0;
		};
		3E6696E32E927EB900AAE4F1 /* Frameworks */ = {
			isa = PBXFrameworksBuildPhase;
			buildActionMask = 2147483647;
			files = (
				3E6696ED2E927ED600AAE4F1 /* EversenseKit.framework in Frameworks */,
			);
			runOnlyForDeploymentPostprocessing = 0;
		};
		3EFE70802E08434B00CF6B9E /* Frameworks */ = {
			isa = PBXFrameworksBuildPhase;
			buildActionMask = 2147483647;
			files = (
				3EFE70872E08434B00CF6B9E /* EversenseKit.framework in Frameworks */,
			);
			runOnlyForDeploymentPostprocessing = 0;
		};
/* End PBXFrameworksBuildPhase section */

/* Begin PBXGroup section */
		3E02C8A02DC8DEA600108B7A = {
			isa = PBXGroup;
			children = (
				3E1875CF2E914F6D00ECCB8C /* Common */,
				3E02C8AC2DC8DEA600108B7A /* EversenseKit */,
				3E417D372DECD42B00D2BFB8 /* EversenseKitUI */,
				3EFE70842E08434B00CF6B9E /* EversenseKitTests */,
				3E6696E72E927EB900AAE4F1 /* EversenseKitPlugin */,
				3E02C8B82DC8DF7700108B7A /* Frameworks */,
				3E02C8AB2DC8DEA600108B7A /* Products */,
			);
			sourceTree = "<group>";
		};
		3E02C8AB2DC8DEA600108B7A /* Products */ = {
			isa = PBXGroup;
			children = (
				3E02C8AA2DC8DEA600108B7A /* EversenseKit.framework */,
				3EFE70832E08434B00CF6B9E /* EversenseKitTests.xctest */,
				3E6696E62E927EB900AAE4F1 /* EversenseKitPlugin.loopplugin */,
			);
			name = Products;
			sourceTree = "<group>";
		};
		3E02C8B82DC8DF7700108B7A /* Frameworks */ = {
			isa = PBXGroup;
			children = (
				3E02C8B92DC8DF7700108B7A /* LoopKit.framework */,
				3E02C8BA2DC8DF7700108B7A /* LoopKitUI.framework */,
			);
			name = Frameworks;
			sourceTree = "<group>";
		};
/* End PBXGroup section */

/* Begin PBXHeadersBuildPhase section */
		3E02C8A52DC8DEA600108B7A /* Headers */ = {
			isa = PBXHeadersBuildPhase;
			buildActionMask = 2147483647;
			files = (
			);
			runOnlyForDeploymentPostprocessing = 0;
		};
		3E6696E12E927EB900AAE4F1 /* Headers */ = {
			isa = PBXHeadersBuildPhase;
			buildActionMask = 2147483647;
			files = (
			);
			runOnlyForDeploymentPostprocessing = 0;
		};
/* End PBXHeadersBuildPhase section */

/* Begin PBXNativeTarget section */
		3E02C8A92DC8DEA600108B7A /* EversenseKit */ = {
			isa = PBXNativeTarget;
			buildConfigurationList = 3E02C8B02DC8DEA600108B7A /* Build configuration list for PBXNativeTarget "EversenseKit" */;
			buildPhases = (
				3E02C8A52DC8DEA600108B7A /* Headers */,
				3E02C8A62DC8DEA600108B7A /* Sources */,
				3E02C8A72DC8DEA600108B7A /* Frameworks */,
				3E02C8A82DC8DEA600108B7A /* Resources */,
			);
			buildRules = (
			);
			dependencies = (
			);
			fileSystemSynchronizedGroups = (
				3E02C8AC2DC8DEA600108B7A /* EversenseKit */,
				3E1875CF2E914F6D00ECCB8C /* Common */,
				3E417D372DECD42B00D2BFB8 /* EversenseKitUI */,
			);
			name = EversenseKit;
			packageProductDependencies = (
			);
			productName = EversenseKit;
			productReference = 3E02C8AA2DC8DEA600108B7A /* EversenseKit.framework */;
			productType = "com.apple.product-type.framework";
		};
		3E6696E52E927EB900AAE4F1 /* EversenseKitPlugin */ = {
			isa = PBXNativeTarget;
			buildConfigurationList = 3E6696EA2E927EB900AAE4F1 /* Build configuration list for PBXNativeTarget "EversenseKitPlugin" */;
			buildPhases = (
				3E6696E12E927EB900AAE4F1 /* Headers */,
				3E6696E22E927EB900AAE4F1 /* Sources */,
				3E6696E32E927EB900AAE4F1 /* Frameworks */,
				3E6696E42E927EB900AAE4F1 /* Resources */,
				3E6696F12E927ED600AAE4F1 /* Embed Frameworks */,
			);
			buildRules = (
			);
			dependencies = (
				3E6696F02E927ED600AAE4F1 /* PBXTargetDependency */,
			);
			fileSystemSynchronizedGroups = (
				3E6696E72E927EB900AAE4F1 /* EversenseKitPlugin */,
			);
			name = EversenseKitPlugin;
			packageProductDependencies = (
			);
			productName = EversenseKitPlugin;
			productReference = 3E6696E62E927EB900AAE4F1 /* EversenseKitPlugin.loopplugin */;
			productType = "com.apple.product-type.framework";
		};
		3EFE70822E08434B00CF6B9E /* EversenseKitTests */ = {
			isa = PBXNativeTarget;
			buildConfigurationList = 3EFE708A2E08434B00CF6B9E /* Build configuration list for PBXNativeTarget "EversenseKitTests" */;
			buildPhases = (
				3EFE707F2E08434B00CF6B9E /* Sources */,
				3EFE70802E08434B00CF6B9E /* Frameworks */,
				3EFE70812E08434B00CF6B9E /* Resources */,
			);
			buildRules = (
			);
			dependencies = (
				3EFE70892E08434B00CF6B9E /* PBXTargetDependency */,
			);
			fileSystemSynchronizedGroups = (
				3EFE70842E08434B00CF6B9E /* EversenseKitTests */,
			);
			name = EversenseKitTests;
			packageProductDependencies = (
			);
			productName = EversenseKitTests;
			productReference = 3EFE70832E08434B00CF6B9E /* EversenseKitTests.xctest */;
			productType = "com.apple.product-type.bundle.unit-test";
		};
/* End PBXNativeTarget section */

/* Begin PBXProject section */
		3E02C8A12DC8DEA600108B7A /* Project object */ = {
			isa = PBXProject;
			attributes = {
				BuildIndependentTargetsInParallel = 1;
				LastSwiftUpdateCheck = 2600;
				LastUpgradeCheck = 1620;
				TargetAttributes = {
					3E02C8A92DC8DEA600108B7A = {
						CreatedOnToolsVersion = 16.2;
						LastSwiftMigration = 1620;
					};
					3E6696E52E927EB900AAE4F1 = {
						CreatedOnToolsVersion = 26.0;
					};
					3EFE70822E08434B00CF6B9E = {
						CreatedOnToolsVersion = 16.2;
					};
				};
			};
			buildConfigurationList = 3E02C8A42DC8DEA600108B7A /* Build configuration list for PBXProject "EversenseKit" */;
			developmentRegion = en;
			hasScannedForEncodings = 0;
			knownRegions = (
				en,
				ar,
				"zh-Hans",
				cs,
				da,
				nl,
				fi,
				fr,
				de,
				he,
				hu,
				ko,
				it,
				ja,
				nb,
				pl,
				"pt-BR",
				ro,
				ru,
				sk,
				es,
				sv,
				tr,
				uk,
				vi,
				sl,
			);
			mainGroup = 3E02C8A02DC8DEA600108B7A;
			minimizedProjectReferenceProxies = 1;
			packageReferences = (
			);
			preferredProjectObjectVersion = 77;
			productRefGroup = 3E02C8AB2DC8DEA600108B7A /* Products */;
			projectDirPath = "";
			projectRoot = "";
			targets = (
				3E02C8A92DC8DEA600108B7A /* EversenseKit */,
				3EFE70822E08434B00CF6B9E /* EversenseKitTests */,
				3E6696E52E927EB900AAE4F1 /* EversenseKitPlugin */,
			);
		};
/* End PBXProject section */

/* Begin PBXResourcesBuildPhase section */
		3E02C8A82DC8DEA600108B7A /* Resources */ = {
			isa = PBXResourcesBuildPhase;
			buildActionMask = 2147483647;
			files = (
			);
			runOnlyForDeploymentPostprocessing = 0;
		};
		3E6696E42E927EB900AAE4F1 /* Resources */ = {
			isa = PBXResourcesBuildPhase;
			buildActionMask = 2147483647;
			files = (
			);
			runOnlyForDeploymentPostprocessing = 0;
		};
		3EFE70812E08434B00CF6B9E /* Resources */ = {
			isa = PBXResourcesBuildPhase;
			buildActionMask = 2147483647;
			files = (
			);
			runOnlyForDeploymentPostprocessing = 0;
		};
/* End PBXResourcesBuildPhase section */

/* Begin PBXSourcesBuildPhase section */
		3E02C8A62DC8DEA600108B7A /* Sources */ = {
			isa = PBXSourcesBuildPhase;
			buildActionMask = 2147483647;
			files = (
			);
			runOnlyForDeploymentPostprocessing = 0;
		};
		3E6696E22E927EB900AAE4F1 /* Sources */ = {
			isa = PBXSourcesBuildPhase;
			buildActionMask = 2147483647;
			files = (
			);
			runOnlyForDeploymentPostprocessing = 0;
		};
		3EFE707F2E08434B00CF6B9E /* Sources */ = {
			isa = PBXSourcesBuildPhase;
			buildActionMask = 2147483647;
			files = (
			);
			runOnlyForDeploymentPostprocessing = 0;
		};
/* End PBXSourcesBuildPhase section */

/* Begin PBXTargetDependency section */
		3E6696F02E927ED600AAE4F1 /* PBXTargetDependency */ = {
			isa = PBXTargetDependency;
			target = 3E02C8A92DC8DEA600108B7A /* EversenseKit */;
			targetProxy = 3E6696EF2E927ED600AAE4F1 /* PBXContainerItemProxy */;
		};
		3EFE70892E08434B00CF6B9E /* PBXTargetDependency */ = {
			isa = PBXTargetDependency;
			platformFilter = ios;
			target = 3E02C8A92DC8DEA600108B7A /* EversenseKit */;
			targetProxy = 3EFE70882E08434B00CF6B9E /* PBXContainerItemProxy */;
		};
/* End PBXTargetDependency section */

/* Begin XCBuildConfiguration section */
		3E02C8B12DC8DEA600108B7A /* Debug */ = {
			isa = XCBuildConfiguration;
			buildSettings = {
				ALLOW_TARGET_PLATFORM_SPECIALIZATION = NO;
				ASSETCATALOG_COMPILER_GENERATE_SWIFT_ASSET_SYMBOL_EXTENSIONS = NO;
				BUILD_LIBRARY_FOR_DISTRIBUTION = NO;
				CLANG_ENABLE_MODULES = YES;
				CODE_SIGN_IDENTITY = "";
				CODE_SIGN_STYLE = Automatic;
				CURRENT_PROJECT_VERSION = 1;
				DEFINES_MODULE = YES;
				DYLIB_COMPATIBILITY_VERSION = 1;
				DYLIB_CURRENT_VERSION = 1;
				DYLIB_INSTALL_NAME_BASE = "@rpath";
				ENABLE_MODULE_VERIFIER = NO;
				GENERATE_INFOPLIST_FILE = NO;
				INFOPLIST_FILE = EversenseKit/Info.plist;
				INFOPLIST_KEY_NSHumanReadableCopyright = "";
				INSTALL_PATH = "$(LOCAL_LIBRARY_DIR)/Frameworks";
				IPHONEOS_DEPLOYMENT_TARGET = 17.6;
				LD_RUNPATH_SEARCH_PATHS = (
					"$(inherited)",
					"@executable_path/Frameworks",
					"@loader_path/Frameworks",
				);
				MACOSX_DEPLOYMENT_TARGET = 15.2;
				MARKETING_VERSION = "";
				MODULE_VERIFIER_SUPPORTED_LANGUAGES = "objective-c objective-c++";
				MODULE_VERIFIER_SUPPORTED_LANGUAGE_STANDARDS = "gnu17 gnu++20";
				PRODUCT_BUNDLE_IDENTIFIER = com.bastiaanv.EversenseKit;
				PRODUCT_NAME = "$(TARGET_NAME:c99extidentifier)";
				SDKROOT = iphoneos;
				SKIP_INSTALL = YES;
				SUPPORTED_PLATFORMS = "iphoneos iphonesimulator";
				SUPPORTS_MACCATALYST = NO;
				SUPPORTS_MAC_DESIGNED_FOR_IPHONE_IPAD = NO;
				SUPPORTS_XR_DESIGNED_FOR_IPHONE_IPAD = NO;
				SWIFT_EMIT_LOC_STRINGS = YES;
				SWIFT_INSTALL_OBJC_HEADER = NO;
				SWIFT_OPTIMIZATION_LEVEL = "-Onone";
				SWIFT_VERSION = 5.0;
				TARGETED_DEVICE_FAMILY = 1;
				XROS_DEPLOYMENT_TARGET = 2.2;
			};
			name = Debug;
		};
		3E02C8B22DC8DEA600108B7A /* Release */ = {
			isa = XCBuildConfiguration;
			buildSettings = {
				ALLOW_TARGET_PLATFORM_SPECIALIZATION = NO;
				ASSETCATALOG_COMPILER_GENERATE_SWIFT_ASSET_SYMBOL_EXTENSIONS = NO;
				BUILD_LIBRARY_FOR_DISTRIBUTION = NO;
				CLANG_ENABLE_MODULES = YES;
				CODE_SIGN_IDENTITY = "";
				CODE_SIGN_STYLE = Automatic;
				CURRENT_PROJECT_VERSION = 1;
				DEFINES_MODULE = YES;
				DYLIB_COMPATIBILITY_VERSION = 1;
				DYLIB_CURRENT_VERSION = 1;
				DYLIB_INSTALL_NAME_BASE = "@rpath";
				ENABLE_MODULE_VERIFIER = NO;
				GENERATE_INFOPLIST_FILE = NO;
				INFOPLIST_FILE = EversenseKit/Info.plist;
				INFOPLIST_KEY_NSHumanReadableCopyright = "";
				INSTALL_PATH = "$(LOCAL_LIBRARY_DIR)/Frameworks";
				IPHONEOS_DEPLOYMENT_TARGET = 17.6;
				LD_RUNPATH_SEARCH_PATHS = (
					"$(inherited)",
					"@executable_path/Frameworks",
					"@loader_path/Frameworks",
				);
				MACOSX_DEPLOYMENT_TARGET = 15.2;
				MARKETING_VERSION = "";
				MODULE_VERIFIER_SUPPORTED_LANGUAGES = "objective-c objective-c++";
				MODULE_VERIFIER_SUPPORTED_LANGUAGE_STANDARDS = "gnu17 gnu++20";
				PRODUCT_BUNDLE_IDENTIFIER = com.bastiaanv.EversenseKit;
				PRODUCT_NAME = "$(TARGET_NAME:c99extidentifier)";
				SDKROOT = iphoneos;
				SKIP_INSTALL = YES;
				SUPPORTED_PLATFORMS = "iphoneos iphonesimulator";
				SUPPORTS_MACCATALYST = NO;
				SUPPORTS_MAC_DESIGNED_FOR_IPHONE_IPAD = NO;
				SUPPORTS_XR_DESIGNED_FOR_IPHONE_IPAD = NO;
				SWIFT_EMIT_LOC_STRINGS = YES;
				SWIFT_INSTALL_OBJC_HEADER = NO;
				SWIFT_VERSION = 5.0;
				TARGETED_DEVICE_FAMILY = 1;
				XROS_DEPLOYMENT_TARGET = 2.2;
			};
			name = Release;
		};
		3E02C8B32DC8DEA600108B7A /* Debug */ = {
			isa = XCBuildConfiguration;
			buildSettings = {
				ALWAYS_SEARCH_USER_PATHS = NO;
				ASSETCATALOG_COMPILER_GENERATE_SWIFT_ASSET_SYMBOL_EXTENSIONS = YES;
				CLANG_ANALYZER_NONNULL = YES;
				CLANG_ANALYZER_NUMBER_OBJECT_CONVERSION = YES_AGGRESSIVE;
				CLANG_CXX_LANGUAGE_STANDARD = "gnu++20";
				CLANG_ENABLE_MODULES = YES;
				CLANG_ENABLE_OBJC_ARC = YES;
				CLANG_ENABLE_OBJC_WEAK = YES;
				CLANG_WARN_BLOCK_CAPTURE_AUTORELEASING = YES;
				CLANG_WARN_BOOL_CONVERSION = YES;
				CLANG_WARN_COMMA = YES;
				CLANG_WARN_CONSTANT_CONVERSION = YES;
				CLANG_WARN_DEPRECATED_OBJC_IMPLEMENTATIONS = YES;
				CLANG_WARN_DIRECT_OBJC_ISA_USAGE = YES_ERROR;
				CLANG_WARN_DOCUMENTATION_COMMENTS = YES;
				CLANG_WARN_EMPTY_BODY = YES;
				CLANG_WARN_ENUM_CONVERSION = YES;
				CLANG_WARN_INFINITE_RECURSION = YES;
				CLANG_WARN_INT_CONVERSION = YES;
				CLANG_WARN_NON_LITERAL_NULL_CONVERSION = YES;
				CLANG_WARN_OBJC_IMPLICIT_RETAIN_SELF = YES;
				CLANG_WARN_OBJC_LITERAL_CONVERSION = YES;
				CLANG_WARN_OBJC_ROOT_CLASS = YES_ERROR;
				CLANG_WARN_QUOTED_INCLUDE_IN_FRAMEWORK_HEADER = YES;
				CLANG_WARN_RANGE_LOOP_ANALYSIS = YES;
				CLANG_WARN_STRICT_PROTOTYPES = YES;
				CLANG_WARN_SUSPICIOUS_MOVE = YES;
				CLANG_WARN_UNGUARDED_AVAILABILITY = YES_AGGRESSIVE;
				CLANG_WARN_UNREACHABLE_CODE = YES;
				CLANG_WARN__DUPLICATE_METHOD_MATCH = YES;
				COPY_PHASE_STRIP = NO;
				CURRENT_PROJECT_VERSION = 1;
				DEBUG_INFORMATION_FORMAT = dwarf;
				ENABLE_STRICT_OBJC_MSGSEND = YES;
				ENABLE_TESTABILITY = YES;
				ENABLE_USER_SCRIPT_SANDBOXING = YES;
				GCC_C_LANGUAGE_STANDARD = gnu17;
				GCC_DYNAMIC_NO_PIC = NO;
				GCC_NO_COMMON_BLOCKS = YES;
				GCC_OPTIMIZATION_LEVEL = 0;
				GCC_PREPROCESSOR_DEFINITIONS = (
					"DEBUG=1",
					"$(inherited)",
				);
				GCC_WARN_64_TO_32_BIT_CONVERSION = YES;
				GCC_WARN_ABOUT_RETURN_TYPE = YES_ERROR;
				GCC_WARN_UNDECLARED_SELECTOR = YES;
				GCC_WARN_UNINITIALIZED_AUTOS = YES_AGGRESSIVE;
				GCC_WARN_UNUSED_FUNCTION = YES;
				GCC_WARN_UNUSED_VARIABLE = YES;
				LOCALIZATION_PREFERS_STRING_CATALOGS = YES;
				MTL_ENABLE_DEBUG_INFO = INCLUDE_SOURCE;
				MTL_FAST_MATH = YES;
				ONLY_ACTIVE_ARCH = YES;
				SWIFT_ACTIVE_COMPILATION_CONDITIONS = "DEBUG $(inherited)";
				SWIFT_EMIT_LOC_STRINGS = YES;
				SWIFT_OPTIMIZATION_LEVEL = "-Onone";
				VERSIONING_SYSTEM = "apple-generic";
				VERSION_INFO_PREFIX = "";
			};
			name = Debug;
		};
		3E02C8B42DC8DEA600108B7A /* Release */ = {
			isa = XCBuildConfiguration;
			buildSettings = {
				ALWAYS_SEARCH_USER_PATHS = NO;
				ASSETCATALOG_COMPILER_GENERATE_SWIFT_ASSET_SYMBOL_EXTENSIONS = YES;
				CLANG_ANALYZER_NONNULL = YES;
				CLANG_ANALYZER_NUMBER_OBJECT_CONVERSION = YES_AGGRESSIVE;
				CLANG_CXX_LANGUAGE_STANDARD = "gnu++20";
				CLANG_ENABLE_MODULES = YES;
				CLANG_ENABLE_OBJC_ARC = YES;
				CLANG_ENABLE_OBJC_WEAK = YES;
				CLANG_WARN_BLOCK_CAPTURE_AUTORELEASING = YES;
				CLANG_WARN_BOOL_CONVERSION = YES;
				CLANG_WARN_COMMA = YES;
				CLANG_WARN_CONSTANT_CONVERSION = YES;
				CLANG_WARN_DEPRECATED_OBJC_IMPLEMENTATIONS = YES;
				CLANG_WARN_DIRECT_OBJC_ISA_USAGE = YES_ERROR;
				CLANG_WARN_DOCUMENTATION_COMMENTS = YES;
				CLANG_WARN_EMPTY_BODY = YES;
				CLANG_WARN_ENUM_CONVERSION = YES;
				CLANG_WARN_INFINITE_RECURSION = YES;
				CLANG_WARN_INT_CONVERSION = YES;
				CLANG_WARN_NON_LITERAL_NULL_CONVERSION = YES;
				CLANG_WARN_OBJC_IMPLICIT_RETAIN_SELF = YES;
				CLANG_WARN_OBJC_LITERAL_CONVERSION = YES;
				CLANG_WARN_OBJC_ROOT_CLASS = YES_ERROR;
				CLANG_WARN_QUOTED_INCLUDE_IN_FRAMEWORK_HEADER = YES;
				CLANG_WARN_RANGE_LOOP_ANALYSIS = YES;
				CLANG_WARN_STRICT_PROTOTYPES = YES;
				CLANG_WARN_SUSPICIOUS_MOVE = YES;
				CLANG_WARN_UNGUARDED_AVAILABILITY = YES_AGGRESSIVE;
				CLANG_WARN_UNREACHABLE_CODE = YES;
				CLANG_WARN__DUPLICATE_METHOD_MATCH = YES;
				COPY_PHASE_STRIP = NO;
				CURRENT_PROJECT_VERSION = 1;
				DEBUG_INFORMATION_FORMAT = "dwarf-with-dsym";
				ENABLE_NS_ASSERTIONS = NO;
				ENABLE_STRICT_OBJC_MSGSEND = YES;
				ENABLE_USER_SCRIPT_SANDBOXING = YES;
				GCC_C_LANGUAGE_STANDARD = gnu17;
				GCC_NO_COMMON_BLOCKS = YES;
				GCC_WARN_64_TO_32_BIT_CONVERSION = YES;
				GCC_WARN_ABOUT_RETURN_TYPE = YES_ERROR;
				GCC_WARN_UNDECLARED_SELECTOR = YES;
				GCC_WARN_UNINITIALIZED_AUTOS = YES_AGGRESSIVE;
				GCC_WARN_UNUSED_FUNCTION = YES;
				GCC_WARN_UNUSED_VARIABLE = YES;
				LOCALIZATION_PREFERS_STRING_CATALOGS = YES;
				MTL_ENABLE_DEBUG_INFO = NO;
				MTL_FAST_MATH = YES;
				SWIFT_COMPILATION_MODE = wholemodule;
				SWIFT_EMIT_LOC_STRINGS = YES;
				VERSIONING_SYSTEM = "apple-generic";
				VERSION_INFO_PREFIX = "";
			};
			name = Release;
		};
		3E6696EB2E927EB900AAE4F1 /* Debug */ = {
			isa = XCBuildConfiguration;
			buildSettings = {
				BUILD_LIBRARY_FOR_DISTRIBUTION = YES;
				CODE_SIGN_STYLE = Automatic;
				CURRENT_PROJECT_VERSION = 1;
				DYLIB_COMPATIBILITY_VERSION = 1;
				DYLIB_CURRENT_VERSION = 1;
				DYLIB_INSTALL_NAME_BASE = "@rpath";
				ENABLE_MODULE_VERIFIER = YES;
				GENERATE_INFOPLIST_FILE = NO;
				INFOPLIST_FILE = EversenseKitPlugin/Info.plist;
				INFOPLIST_KEY_NSHumanReadableCopyright = "";
				INFOPLIST_KEY_NSPrincipalClass = EversenseKitPlugin;
				INSTALL_PATH = "$(LOCAL_LIBRARY_DIR)/Frameworks";
				IPHONEOS_DEPLOYMENT_TARGET = 17.6;
				LD_RUNPATH_SEARCH_PATHS = (
					"$(inherited)",
					"@executable_path/Frameworks",
					"@loader_path/Frameworks",
				);
				MARKETING_VERSION = 1.0;
				MODULE_VERIFIER_SUPPORTED_LANGUAGES = "objective-c objective-c++";
				MODULE_VERIFIER_SUPPORTED_LANGUAGE_STANDARDS = "gnu17 gnu++20";
				PRODUCT_BUNDLE_IDENTIFIER = com.bastiaanv.EversenseKitPlugin.EversenseKitPlugin;
				PRODUCT_NAME = "$(TARGET_NAME:c99extidentifier)";
				SDKROOT = iphoneos;
				SKIP_INSTALL = YES;
				STRING_CATALOG_GENERATE_SYMBOLS = YES;
				SUPPORTED_PLATFORMS = "iphoneos iphonesimulator";
				SUPPORTS_MACCATALYST = NO;
				SUPPORTS_MAC_DESIGNED_FOR_IPHONE_IPAD = NO;
				SUPPORTS_XR_DESIGNED_FOR_IPHONE_IPAD = NO;
				SWIFT_APPROACHABLE_CONCURRENCY = YES;
				SWIFT_EMIT_LOC_STRINGS = YES;
				SWIFT_INSTALL_MODULE = YES;
				SWIFT_INSTALL_OBJC_HEADER = NO;
				SWIFT_UPCOMING_FEATURE_MEMBER_IMPORT_VISIBILITY = YES;
				SWIFT_VERSION = 5.0;
				TARGETED_DEVICE_FAMILY = 1;
				WRAPPER_EXTENSION = loopplugin;
			};
			name = Debug;
		};
		3E6696EC2E927EB900AAE4F1 /* Release */ = {
			isa = XCBuildConfiguration;
			buildSettings = {
				BUILD_LIBRARY_FOR_DISTRIBUTION = YES;
				CODE_SIGN_STYLE = Automatic;
				CURRENT_PROJECT_VERSION = 1;
				DYLIB_COMPATIBILITY_VERSION = 1;
				DYLIB_CURRENT_VERSION = 1;
				DYLIB_INSTALL_NAME_BASE = "@rpath";
				ENABLE_MODULE_VERIFIER = YES;
				GENERATE_INFOPLIST_FILE = NO;
				INFOPLIST_FILE = EversenseKitPlugin/Info.plist;
				INFOPLIST_KEY_NSHumanReadableCopyright = "";
				INFOPLIST_KEY_NSPrincipalClass = EversenseKitPlugin;
				INSTALL_PATH = "$(LOCAL_LIBRARY_DIR)/Frameworks";
				IPHONEOS_DEPLOYMENT_TARGET = 17.6;
				LD_RUNPATH_SEARCH_PATHS = (
					"$(inherited)",
					"@executable_path/Frameworks",
					"@loader_path/Frameworks",
				);
				MARKETING_VERSION = 1.0;
				MODULE_VERIFIER_SUPPORTED_LANGUAGES = "objective-c objective-c++";
				MODULE_VERIFIER_SUPPORTED_LANGUAGE_STANDARDS = "gnu17 gnu++20";
				PRODUCT_BUNDLE_IDENTIFIER = com.bastiaanv.EversenseKitPlugin.EversenseKitPlugin;
				PRODUCT_NAME = "$(TARGET_NAME:c99extidentifier)";
				SDKROOT = iphoneos;
				SKIP_INSTALL = YES;
				STRING_CATALOG_GENERATE_SYMBOLS = YES;
				SUPPORTED_PLATFORMS = "iphoneos iphonesimulator";
				SUPPORTS_MACCATALYST = NO;
				SUPPORTS_MAC_DESIGNED_FOR_IPHONE_IPAD = NO;
				SUPPORTS_XR_DESIGNED_FOR_IPHONE_IPAD = NO;
				SWIFT_APPROACHABLE_CONCURRENCY = YES;
				SWIFT_EMIT_LOC_STRINGS = YES;
				SWIFT_INSTALL_MODULE = YES;
				SWIFT_INSTALL_OBJC_HEADER = NO;
				SWIFT_UPCOMING_FEATURE_MEMBER_IMPORT_VISIBILITY = YES;
				SWIFT_VERSION = 5.0;
				TARGETED_DEVICE_FAMILY = 1;
				VALIDATE_PRODUCT = YES;
				WRAPPER_EXTENSION = loopplugin;
			};
			name = Release;
		};
		3EFE708B2E08434B00CF6B9E /* Debug */ = {
			isa = XCBuildConfiguration;
			buildSettings = {
				CODE_SIGN_STYLE = Automatic;
				CURRENT_PROJECT_VERSION = 1;
				GENERATE_INFOPLIST_FILE = YES;
				IPHONEOS_DEPLOYMENT_TARGET = 17.6;
				MARKETING_VERSION = 1.0;
				PRODUCT_BUNDLE_IDENTIFIER = com.bastiaanv.EversenseKitTests;
				PRODUCT_NAME = "$(TARGET_NAME)";
				SDKROOT = iphoneos;
				SUPPORTED_PLATFORMS = "iphoneos iphonesimulator";
				SUPPORTS_MACCATALYST = NO;
				SUPPORTS_MAC_DESIGNED_FOR_IPHONE_IPAD = NO;
				SUPPORTS_XR_DESIGNED_FOR_IPHONE_IPAD = NO;
				SWIFT_EMIT_LOC_STRINGS = NO;
				SWIFT_VERSION = 5.0;
				TARGETED_DEVICE_FAMILY = 1;
			};
			name = Debug;
		};
		3EFE708C2E08434B00CF6B9E /* Release */ = {
			isa = XCBuildConfiguration;
			buildSettings = {
				CODE_SIGN_STYLE = Automatic;
				CURRENT_PROJECT_VERSION = 1;
				GENERATE_INFOPLIST_FILE = YES;
				IPHONEOS_DEPLOYMENT_TARGET = 17.6;
				MARKETING_VERSION = 1.0;
				PRODUCT_BUNDLE_IDENTIFIER = com.bastiaanv.EversenseKitTests;
				PRODUCT_NAME = "$(TARGET_NAME)";
				SDKROOT = iphoneos;
				SUPPORTED_PLATFORMS = "iphoneos iphonesimulator";
				SUPPORTS_MACCATALYST = NO;
				SUPPORTS_MAC_DESIGNED_FOR_IPHONE_IPAD = NO;
				SUPPORTS_XR_DESIGNED_FOR_IPHONE_IPAD = NO;
				SWIFT_EMIT_LOC_STRINGS = NO;
				SWIFT_VERSION = 5.0;
				TARGETED_DEVICE_FAMILY = 1;
				VALIDATE_PRODUCT = YES;
			};
			name = Release;
		};
/* End XCBuildConfiguration section */

/* Begin XCConfigurationList section */
		3E02C8A42DC8DEA600108B7A /* Build configuration list for PBXProject "EversenseKit" */ = {
			isa = XCConfigurationList;
			buildConfigurations = (
				3E02C8B32DC8DEA600108B7A /* Debug */,
				3E02C8B42DC8DEA600108B7A /* Release */,
			);
			defaultConfigurationIsVisible = 0;
			defaultConfigurationName = Release;
		};
		3E02C8B02DC8DEA600108B7A /* Build configuration list for PBXNativeTarget "EversenseKit" */ = {
			isa = XCConfigurationList;
			buildConfigurations = (
				3E02C8B12DC8DEA600108B7A /* Debug */,
				3E02C8B22DC8DEA600108B7A /* Release */,
			);
			defaultConfigurationIsVisible = 0;
			defaultConfigurationName = Release;
		};
		3E6696EA2E927EB900AAE4F1 /* Build configuration list for PBXNativeTarget "EversenseKitPlugin" */ = {
			isa = XCConfigurationList;
			buildConfigurations = (
				3E6696EB2E927EB900AAE4F1 /* Debug */,
				3E6696EC2E927EB900AAE4F1 /* Release */,
			);
			defaultConfigurationIsVisible = 0;
			defaultConfigurationName = Release;
		};
		3EFE708A2E08434B00CF6B9E /* Build configuration list for PBXNativeTarget "EversenseKitTests" */ = {
			isa = XCConfigurationList;
			buildConfigurations = (
				3EFE708B2E08434B00CF6B9E /* Debug */,
				3EFE708C2E08434B00CF6B9E /* Release */,
			);
			defaultConfigurationIsVisible = 0;
			defaultConfigurationName = Release;
		};
/* End XCConfigurationList section */
	};
	rootObject = 3E02C8A12DC8DEA600108B7A /* Project object */;
}
