// !$*UTF8*$!
{
	archiveVersion = 1;
	classes = {
	};
	objectVersion = 77;
	objects = {

/* Begin PBXBuildFile section */
		B66A70BD2E6CFDB800F1641B /* Localizable.xcstrings in Resources */ = {isa = PBXBuildFile; fileRef = B66A70BC2E6CFDB800F1641B /* Localizable.xcstrings */; };
		B66A70BE2E6CFDB800F1641B /* Localizable.xcstrings in Resources */ = {isa = PBXBuildFile; fileRef = B66A70BC2E6CFDB800F1641B /* Localizable.xcstrings */; };
		D82CA8FA2D4B7305009C5276 /* CryptoSwift in Frameworks */ = {isa = PBXBuildFile; productRef = D82CA8F92D4B7305009C5276 /* CryptoSwift */; };
		D82D262A2D44515000B8B25E /* OmnipodKit.framework in Frameworks */ = {isa = PBXBuildFile; fileRef = D8F83F882D155ADA0005D165 /* OmnipodKit.framework */; };
		D82D262B2D44515000B8B25E /* OmnipodKit.framework in Embed Frameworks */ = {isa = PBXBuildFile; fileRef = D8F83F882D155ADA0005D165 /* OmnipodKit.framework */; settings = {ATTRIBUTES = (CodeSignOnCopy, RemoveHeadersOnCopy, ); }; };
		D850B71E2D81733D0095CDF2 /* RileyLinkBLEKit.framework in Frameworks */ = {isa = PBXBuildFile; fileRef = D850B71B2D81733D0095CDF2 /* RileyLinkBLEKit.framework */; };
		D850B7202D81733D0095CDF2 /* RileyLinkKit.framework in Frameworks */ = {isa = PBXBuildFile; fileRef = D850B71C2D81733D0095CDF2 /* RileyLinkKit.framework */; };
		D850B7222D81733D0095CDF2 /* RileyLinkKitUI.framework in Frameworks */ = {isa = PBXBuildFile; fileRef = D850B71D2D81733D0095CDF2 /* RileyLinkKitUI.framework */; };
		D8B88D502D33A52F001893B6 /* LoopKit.framework in Frameworks */ = {isa = PBXBuildFile; fileRef = D8B88D4F2D33A52F001893B6 /* LoopKit.framework */; };
		D8B88D522D33A53E001893B6 /* LoopKitUI.framework in Frameworks */ = {isa = PBXBuildFile; fileRef = D8B88D512D33A53E001893B6 /* LoopKitUI.framework */; };
		D8F83FB52D1563B70005D165 /* SlideButton in Frameworks */ = {isa = PBXBuildFile; productRef = D8F83FB42D1563B70005D165 /* SlideButton */; };
/* End PBXBuildFile section */

/* Begin PBXContainerItemProxy section */
		D889B2522D2B678B00C8E64C /* PBXContainerItemProxy */ = {
			isa = PBXContainerItemProxy;
			containerPortal = D8F83F7F2D155ADA0005D165 /* Project object */;
			proxyType = 1;
			remoteGlobalIDString = D8F83F872D155ADA0005D165;
			remoteInfo = OmnipodKit;
		};
		D8D0ED502D74EFC6000B0AF4 /* PBXContainerItemProxy */ = {
			isa = PBXContainerItemProxy;
			containerPortal = D8F83F7F2D155ADA0005D165 /* Project object */;
			proxyType = 1;
			remoteGlobalIDString = D8F83F872D155ADA0005D165;
			remoteInfo = OmnipodKit;
		};
/* End PBXContainerItemProxy section */

/* Begin PBXCopyFilesBuildPhase section */
		D82D262C2D44515100B8B25E /* Embed Frameworks */ = {
			isa = PBXCopyFilesBuildPhase;
			buildActionMask = 2147483647;
			dstPath = "";
			dstSubfolderSpec = 10;
			files = (
				D82D262B2D44515000B8B25E /* OmnipodKit.framework in Embed Frameworks */,
			);
			name = "Embed Frameworks";
			runOnlyForDeploymentPostprocessing = 0;
		};
		D8D0EB682D744A24000B0AF4 /* CopyFiles */ = {
			isa = PBXCopyFilesBuildPhase;
			buildActionMask = 2147483647;
			dstPath = /usr/share/man/man1/;
			dstSubfolderSpec = 0;
			files = (
			);
			runOnlyForDeploymentPostprocessing = 1;
		};
/* End PBXCopyFilesBuildPhase section */

/* Begin PBXFileReference section */
		B66A70BC2E6CFDB800F1641B /* Localizable.xcstrings */ = {isa = PBXFileReference; lastKnownFileType = text.json.xcstrings; path = Localizable.xcstrings; sourceTree = "<group>"; };
		D850B71B2D81733D0095CDF2 /* RileyLinkBLEKit.framework */ = {isa = PBXFileReference; explicitFileType = wrapper.framework; path = RileyLinkBLEKit.framework; sourceTree = BUILT_PRODUCTS_DIR; };
		D850B71C2D81733D0095CDF2 /* RileyLinkKit.framework */ = {isa = PBXFileReference; explicitFileType = wrapper.framework; path = RileyLinkKit.framework; sourceTree = BUILT_PRODUCTS_DIR; };
		D850B71D2D81733D0095CDF2 /* RileyLinkKitUI.framework */ = {isa = PBXFileReference; explicitFileType = wrapper.framework; path = RileyLinkKitUI.framework; sourceTree = BUILT_PRODUCTS_DIR; };
		D889B2392D2B4BFE00C8E64C /* OmnipodKitPlugin.loopplugin */ = {isa = PBXFileReference; explicitFileType = wrapper.framework; includeInIndex = 0; path = OmnipodKitPlugin.loopplugin; sourceTree = BUILT_PRODUCTS_DIR; };
		D8B88D4F2D33A52F001893B6 /* LoopKit.framework */ = {isa = PBXFileReference; explicitFileType = wrapper.framework; path = LoopKit.framework; sourceTree = BUILT_PRODUCTS_DIR; };
		D8B88D512D33A53E001893B6 /* LoopKitUI.framework */ = {isa = PBXFileReference; explicitFileType = wrapper.framework; path = LoopKitUI.framework; sourceTree = BUILT_PRODUCTS_DIR; };
		D8D0EB6A2D744A24000B0AF4 /* OmniParser */ = {isa = PBXFileReference; explicitFileType = "compiled.mach-o.executable"; includeInIndex = 0; path = OmniParser; sourceTree = BUILT_PRODUCTS_DIR; };
		D8D0ED182D74EF41000B0AF4 /* OmniTests.xctest */ = {isa = PBXFileReference; explicitFileType = wrapper.cfbundle; includeInIndex = 0; path = OmniTests.xctest; sourceTree = BUILT_PRODUCTS_DIR; };
		D8DF84DD2D5D243B00798277 /* README.md */ = {isa = PBXFileReference; lastKnownFileType = net.daringfireball.markdown; path = README.md; sourceTree = "<group>"; };
		D8F83F882D155ADA0005D165 /* OmnipodKit.framework */ = {isa = PBXFileReference; explicitFileType = wrapper.framework; includeInIndex = 0; path = OmnipodKit.framework; sourceTree = BUILT_PRODUCTS_DIR; };
/* End PBXFileReference section */

/* Begin PBXFileSystemSynchronizedBuildFileExceptionSet section */
		D853D8A22D2B816F00F834D5 /* Exceptions for "OmnipodKitPlugin" folder in "OmnipodKitPlugin" target */ = {
			isa = PBXFileSystemSynchronizedBuildFileExceptionSet;
			membershipExceptions = (
				Info.plist,
			);
			publicHeaders = (
				OmnipodKitPlugin.h,
			);
			target = D889B2382D2B4BFE00C8E64C /* OmnipodKitPlugin */;
		};
		D853D8A92D2B931900F834D5 /* Exceptions for "OmnipodKitPlugin" folder in "OmnipodKit" target */ = {
			isa = PBXFileSystemSynchronizedBuildFileExceptionSet;
			membershipExceptions = (
				Extensions/OSLog.swift,
				Info.plist,
				OmnipodKitPlugin.h,
			);
			target = D8F83F872D155ADA0005D165 /* OmnipodKit */;
		};
		D86CD0372D74FFFA00C65872 /* Exceptions for "OmniTests" folder in "OmniTests" target */ = {
			isa = PBXFileSystemSynchronizedBuildFileExceptionSet;
			membershipExceptions = (
				Info.plist,
			);
			target = D8D0ED172D74EF41000B0AF4 /* OmniTests */;
		};
		D8D0EB722D744FE4000B0AF4 /* Exceptions for "OmnipodKit" folder in "OmniParser" target */ = {
			isa = PBXFileSystemSynchronizedBuildFileExceptionSet;
			membershipExceptions = (
				Common/Data.swift,
				Common/Double.swift,
				Common/LocalizedString.swift,
				Common/TimeInterval.swift,
				OmnipodCommon/AlertSlot.swift,
				OmnipodCommon/BasalDeliveryTable.swift,
				OmnipodCommon/BasalSchedule.swift,
				OmnipodCommon/BeepType.swift,
				OmnipodCommon/BolusDeliveryTable.swift,
				OmnipodCommon/CRC16.swift,
				OmnipodCommon/FaultEventCode.swift,
				OmnipodCommon/InsulinTableEntry.swift,
				OmnipodCommon/Message.swift,
				OmnipodCommon/MessageBlocks/AcknowledgeAlertCommand.swift,
				OmnipodCommon/MessageBlocks/AssignAddressCommand.swift,
				OmnipodCommon/MessageBlocks/BasalScheduleExtraCommand.swift,
				OmnipodCommon/MessageBlocks/BeepConfigCommand.swift,
				OmnipodCommon/MessageBlocks/BolusExtraCommand.swift,
				OmnipodCommon/MessageBlocks/CancelDeliveryCommand.swift,
				OmnipodCommon/MessageBlocks/ConfigureAlertsCommand.swift,
				OmnipodCommon/MessageBlocks/DeactivatePodCommand.swift,
				OmnipodCommon/MessageBlocks/DetailedStatus.swift,
				OmnipodCommon/MessageBlocks/ErrorResponse.swift,
				OmnipodCommon/MessageBlocks/FaultConfigCommand.swift,
				OmnipodCommon/MessageBlocks/GetStatusCommand.swift,
				OmnipodCommon/MessageBlocks/MessageBlock.swift,
				OmnipodCommon/MessageBlocks/PodInfo.swift,
				OmnipodCommon/MessageBlocks/PodInfoActivationTime.swift,
				OmnipodCommon/MessageBlocks/PodInfoPulseLog.swift,
				OmnipodCommon/MessageBlocks/PodInfoPulseLogPlus.swift,
				OmnipodCommon/MessageBlocks/PodInfoResponse.swift,
				OmnipodCommon/MessageBlocks/PodInfoTriggeredAlerts.swift,
				OmnipodCommon/MessageBlocks/SetInsulinScheduleCommand.swift,
				OmnipodCommon/MessageBlocks/SetupPodCommand.swift,
				OmnipodCommon/MessageBlocks/StatusResponse.swift,
				OmnipodCommon/MessageBlocks/TempBasalExtraCommand.swift,
				OmnipodCommon/MessageBlocks/VersionResponse.swift,
				OmnipodCommon/Pod.swift,
				OmnipodCommon/PodProgressStatus.swift,
				OmnipodCommon/PodType.swift,
			);
			target = D8D0EB692D744A24000B0AF4 /* OmniParser */;
		};
		D8F83F8D2D155ADA0005D165 /* Exceptions for "OmnipodKit" folder in "OmnipodKit" target */ = {
			isa = PBXFileSystemSynchronizedBuildFileExceptionSet;
			membershipExceptions = (
				Info.plist,
			);
			publicHeaders = (
				OmnipodKit.h,
			);
			target = D8F83F872D155ADA0005D165 /* OmnipodKit */;
		};
/* End PBXFileSystemSynchronizedBuildFileExceptionSet section */

/* Begin PBXFileSystemSynchronizedRootGroup section */
		D889B2492D2B66FF00C8E64C /* OmnipodKitPlugin */ = {
			isa = PBXFileSystemSynchronizedRootGroup;
			exceptions = (
				D853D8A92D2B931900F834D5 /* Exceptions for "OmnipodKitPlugin" folder in "OmnipodKit" target */,
				D853D8A22D2B816F00F834D5 /* Exceptions for "OmnipodKitPlugin" folder in "OmnipodKitPlugin" target */,
			);
			path = OmnipodKitPlugin;
			sourceTree = "<group>";
		};
		D8D0EB6B2D744A24000B0AF4 /* OmniParser */ = {
			isa = PBXFileSystemSynchronizedRootGroup;
			path = OmniParser;
			sourceTree = "<group>";
		};
		D8D0ED192D74EF41000B0AF4 /* OmniTests */ = {
			isa = PBXFileSystemSynchronizedRootGroup;
			exceptions = (
				D86CD0372D74FFFA00C65872 /* Exceptions for "OmniTests" folder in "OmniTests" target */,
			);
			path = OmniTests;
			sourceTree = "<group>";
		};
		D8F83F8A2D155ADA0005D165 /* OmnipodKit */ = {
			isa = PBXFileSystemSynchronizedRootGroup;
			exceptions = (
				D8F83F8D2D155ADA0005D165 /* Exceptions for "OmnipodKit" folder in "OmnipodKit" target */,
				D8D0EB722D744FE4000B0AF4 /* Exceptions for "OmnipodKit" folder in "OmniParser" target */,
			);
			path = OmnipodKit;
			sourceTree = "<group>";
		};
/* End PBXFileSystemSynchronizedRootGroup section */

/* Begin PBXFrameworksBuildPhase section */
		D889B2362D2B4BFE00C8E64C /* Frameworks */ = {
			isa = PBXFrameworksBuildPhase;
			buildActionMask = 2147483647;
			files = (
				D82D262A2D44515000B8B25E /* OmnipodKit.framework in Frameworks */,
			);
			runOnlyForDeploymentPostprocessing = 0;
		};
		D8D0EB672D744A24000B0AF4 /* Frameworks */ = {
			isa = PBXFrameworksBuildPhase;
			buildActionMask = 2147483647;
			files = (
			);
			runOnlyForDeploymentPostprocessing = 0;
		};
		D8D0ED152D74EF41000B0AF4 /* Frameworks */ = {
			isa = PBXFrameworksBuildPhase;
			buildActionMask = 2147483647;
			files = (
			);
			runOnlyForDeploymentPostprocessing = 0;
		};
		D8F83F852D155ADA0005D165 /* Frameworks */ = {
			isa = PBXFrameworksBuildPhase;
			buildActionMask = 2147483647;
			files = (
				D850B71E2D81733D0095CDF2 /* RileyLinkBLEKit.framework in Frameworks */,
				D8F83FB52D1563B70005D165 /* SlideButton in Frameworks */,
				D82CA8FA2D4B7305009C5276 /* CryptoSwift in Frameworks */,
				D850B7202D81733D0095CDF2 /* RileyLinkKit.framework in Frameworks */,
				D850B7222D81733D0095CDF2 /* RileyLinkKitUI.framework in Frameworks */,
				D8B88D502D33A52F001893B6 /* LoopKit.framework in Frameworks */,
				D8B88D522D33A53E001893B6 /* LoopKitUI.framework in Frameworks */,
			);
			runOnlyForDeploymentPostprocessing = 0;
		};
/* End PBXFrameworksBuildPhase section */

/* Begin PBXGroup section */
		B66A6F082E6CFD4B00F1641B /* Localization */ = {
			isa = PBXGroup;
			children = (
				B66A70BC2E6CFDB800F1641B /* Localizable.xcstrings */,
			);
			path = Localization;
			sourceTree = "<group>";
		};
		D8F83F7E2D155ADA0005D165 = {
			isa = PBXGroup;
			children = (
				B66A6F082E6CFD4B00F1641B /* Localization */,
				D8DF84DD2D5D243B00798277 /* README.md */,
				D8F83F8A2D155ADA0005D165 /* OmnipodKit */,
				D889B2492D2B66FF00C8E64C /* OmnipodKitPlugin */,
				D8D0EB6B2D744A24000B0AF4 /* OmniParser */,
				D8D0ED192D74EF41000B0AF4 /* OmniTests */,
				D8F83FB02D15621C0005D165 /* Frameworks */,
				D8F83F892D155ADA0005D165 /* Products */,
			);
			sourceTree = "<group>";
		};
		D8F83F892D155ADA0005D165 /* Products */ = {
			isa = PBXGroup;
			children = (
				D8F83F882D155ADA0005D165 /* OmnipodKit.framework */,
				D889B2392D2B4BFE00C8E64C /* OmnipodKitPlugin.loopplugin */,
				D8D0EB6A2D744A24000B0AF4 /* OmniParser */,
				D8D0ED182D74EF41000B0AF4 /* OmniTests.xctest */,
			);
			name = Products;
			sourceTree = "<group>";
		};
		D8F83FB02D15621C0005D165 /* Frameworks */ = {
			isa = PBXGroup;
			children = (
				D850B71B2D81733D0095CDF2 /* RileyLinkBLEKit.framework */,
				D850B71C2D81733D0095CDF2 /* RileyLinkKit.framework */,
				D850B71D2D81733D0095CDF2 /* RileyLinkKitUI.framework */,
				D8B88D512D33A53E001893B6 /* LoopKitUI.framework */,
				D8B88D4F2D33A52F001893B6 /* LoopKit.framework */,
			);
			name = Frameworks;
			sourceTree = "<group>";
		};
/* End PBXGroup section */

/* Begin PBXHeadersBuildPhase section */
		D889B2342D2B4BFE00C8E64C /* Headers */ = {
			isa = PBXHeadersBuildPhase;
			buildActionMask = 2147483647;
			files = (
			);
			runOnlyForDeploymentPostprocessing = 0;
		};
		D8F83F832D155ADA0005D165 /* Headers */ = {
			isa = PBXHeadersBuildPhase;
			buildActionMask = 2147483647;
			files = (
			);
			runOnlyForDeploymentPostprocessing = 0;
		};
/* End PBXHeadersBuildPhase section */

/* Begin PBXNativeTarget section */
		D889B2382D2B4BFE00C8E64C /* OmnipodKitPlugin */ = {
			isa = PBXNativeTarget;
			buildConfigurationList = D889B23E2D2B4BFE00C8E64C /* Build configuration list for PBXNativeTarget "OmnipodKitPlugin" */;
			buildPhases = (
				D889B2342D2B4BFE00C8E64C /* Headers */,
				D889B2352D2B4BFE00C8E64C /* Sources */,
				D889B2362D2B4BFE00C8E64C /* Frameworks */,
				D889B2372D2B4BFE00C8E64C /* Resources */,
				D82D262C2D44515100B8B25E /* Embed Frameworks */,
			);
			buildRules = (
			);
			dependencies = (
				D889B2532D2B678B00C8E64C /* PBXTargetDependency */,
			);
			fileSystemSynchronizedGroups = (
				D889B2492D2B66FF00C8E64C /* OmnipodKitPlugin */,
			);
			name = OmnipodKitPlugin;
			packageProductDependencies = (
			);
			productName = OmnipodKitPlugin;
			productReference = D889B2392D2B4BFE00C8E64C /* OmnipodKitPlugin.loopplugin */;
			productType = "com.apple.product-type.framework";
		};
		D8D0EB692D744A24000B0AF4 /* OmniParser */ = {
			isa = PBXNativeTarget;
			buildConfigurationList = D8D0EB702D744A24000B0AF4 /* Build configuration list for PBXNativeTarget "OmniParser" */;
			buildPhases = (
				D8D0EB662D744A24000B0AF4 /* Sources */,
				D8D0EB672D744A24000B0AF4 /* Frameworks */,
				D8D0EB682D744A24000B0AF4 /* CopyFiles */,
			);
			buildRules = (
			);
			dependencies = (
			);
			fileSystemSynchronizedGroups = (
				D8D0EB6B2D744A24000B0AF4 /* OmniParser */,
			);
			name = OmniParser;
			packageProductDependencies = (
			);
			productName = OmniParser;
			productReference = D8D0EB6A2D744A24000B0AF4 /* OmniParser */;
			productType = "com.apple.product-type.tool";
		};
		D8D0ED172D74EF41000B0AF4 /* OmniTests */ = {
			isa = PBXNativeTarget;
			buildConfigurationList = D8D0ED1C2D74EF41000B0AF4 /* Build configuration list for PBXNativeTarget "OmniTests" */;
			buildPhases = (
				D8D0ED142D74EF41000B0AF4 /* Sources */,
				D8D0ED152D74EF41000B0AF4 /* Frameworks */,
				D8D0ED162D74EF41000B0AF4 /* Resources */,
			);
			buildRules = (
			);
			dependencies = (
				D8D0ED512D74EFC6000B0AF4 /* PBXTargetDependency */,
			);
			fileSystemSynchronizedGroups = (
				D8D0ED192D74EF41000B0AF4 /* OmniTests */,
			);
			name = OmniTests;
			packageProductDependencies = (
			);
			productName = OmniTests;
			productReference = D8D0ED182D74EF41000B0AF4 /* OmniTests.xctest */;
			productType = "com.apple.product-type.bundle.unit-test";
		};
		D8F83F872D155ADA0005D165 /* OmnipodKit */ = {
			isa = PBXNativeTarget;
			buildConfigurationList = D8F83F8E2D155ADA0005D165 /* Build configuration list for PBXNativeTarget "OmnipodKit" */;
			buildPhases = (
				D8F83F832D155ADA0005D165 /* Headers */,
				D8F83F842D155ADA0005D165 /* Sources */,
				D8F83F852D155ADA0005D165 /* Frameworks */,
				D8F83F862D155ADA0005D165 /* Resources */,
			);
			buildRules = (
			);
			dependencies = (
			);
			fileSystemSynchronizedGroups = (
				D889B2492D2B66FF00C8E64C /* OmnipodKitPlugin */,
				D8F83F8A2D155ADA0005D165 /* OmnipodKit */,
			);
			name = OmnipodKit;
			packageProductDependencies = (
				D8F83FB42D1563B70005D165 /* SlideButton */,
				D82CA8F92D4B7305009C5276 /* CryptoSwift */,
			);
			productName = OmnipodKit;
			productReference = D8F83F882D155ADA0005D165 /* OmnipodKit.framework */;
			productType = "com.apple.product-type.framework";
		};
/* End PBXNativeTarget section */

/* Begin PBXProject section */
		D8F83F7F2D155ADA0005D165 /* Project object */ = {
			isa = PBXProject;
			attributes = {
				BuildIndependentTargetsInParallel = 1;
				LastSwiftUpdateCheck = 1620;
				LastUpgradeCheck = 1610;
				TargetAttributes = {
					D889B2382D2B4BFE00C8E64C = {
						CreatedOnToolsVersion = 16.2;
					};
					D8D0EB692D744A24000B0AF4 = {
						CreatedOnToolsVersion = 16.2;
					};
					D8D0ED172D74EF41000B0AF4 = {
						CreatedOnToolsVersion = 16.2;
					};
					D8F83F872D155ADA0005D165 = {
						CreatedOnToolsVersion = 16.1;
					};
				};
			};
			buildConfigurationList = D8F83F822D155ADA0005D165 /* Build configuration list for PBXProject "OmnipodKit" */;
			developmentRegion = en;
			hasScannedForEncodings = 0;
			knownRegions = (
				en,
				Base,
				ar,
				cs,
				da,
				de,
				es,
				fi,
				fr,
				he,
				it,
				ja,
				nb,
				nl,
				pl,
				"pt-BR",
				ro,
				ru,
				sk,
				sv,
				tr,
				vi,
				"zh-Hans",
				ko,
			);
			mainGroup = D8F83F7E2D155ADA0005D165;
			minimizedProjectReferenceProxies = 1;
			packageReferences = (
				D8F83FB32D1563B70005D165 /* XCRemoteSwiftPackageReference "SlideButton" */,
				D82CA8F82D4B7305009C5276 /* XCRemoteSwiftPackageReference "CryptoSwift" */,
			);
			preferredProjectObjectVersion = 77;
			productRefGroup = D8F83F892D155ADA0005D165 /* Products */;
			projectDirPath = "";
			projectRoot = "";
			targets = (
				D8F83F872D155ADA0005D165 /* OmnipodKit */,
				D889B2382D2B4BFE00C8E64C /* OmnipodKitPlugin */,
				D8D0EB692D744A24000B0AF4 /* OmniParser */,
				D8D0ED172D74EF41000B0AF4 /* OmniTests */,
			);
		};
/* End PBXProject section */

/* Begin PBXResourcesBuildPhase section */
		D889B2372D2B4BFE00C8E64C /* Resources */ = {
			isa = PBXResourcesBuildPhase;
			buildActionMask = 2147483647;
			files = (
				B66A70BE2E6CFDB800F1641B /* Localizable.xcstrings in Resources */,
			);
			runOnlyForDeploymentPostprocessing = 0;
		};
		D8D0ED162D74EF41000B0AF4 /* Resources */ = {
			isa = PBXResourcesBuildPhase;
			buildActionMask = 2147483647;
			files = (
			);
			runOnlyForDeploymentPostprocessing = 0;
		};
		D8F83F862D155ADA0005D165 /* Resources */ = {
			isa = PBXResourcesBuildPhase;
			buildActionMask = 2147483647;
			files = (
				B66A70BD2E6CFDB800F1641B /* Localizable.xcstrings in Resources */,
			);
			runOnlyForDeploymentPostprocessing = 0;
		};
/* End PBXResourcesBuildPhase section */

/* Begin PBXSourcesBuildPhase section */
		D889B2352D2B4BFE00C8E64C /* Sources */ = {
			isa = PBXSourcesBuildPhase;
			buildActionMask = 2147483647;
			files = (
			);
			runOnlyForDeploymentPostprocessing = 0;
		};
		D8D0EB662D744A24000B0AF4 /* Sources */ = {
			isa = PBXSourcesBuildPhase;
			buildActionMask = 2147483647;
			files = (
			);
			runOnlyForDeploymentPostprocessing = 0;
		};
		D8D0ED142D74EF41000B0AF4 /* Sources */ = {
			isa = PBXSourcesBuildPhase;
			buildActionMask = 2147483647;
			files = (
			);
			runOnlyForDeploymentPostprocessing = 0;
		};
		D8F83F842D155ADA0005D165 /* Sources */ = {
			isa = PBXSourcesBuildPhase;
			buildActionMask = 2147483647;
			files = (
			);
			runOnlyForDeploymentPostprocessing = 0;
		};
/* End PBXSourcesBuildPhase section */

/* Begin PBXTargetDependency section */
		D889B2532D2B678B00C8E64C /* PBXTargetDependency */ = {
			isa = PBXTargetDependency;
			target = D8F83F872D155ADA0005D165 /* OmnipodKit */;
			targetProxy = D889B2522D2B678B00C8E64C /* PBXContainerItemProxy */;
		};
		D8D0ED512D74EFC6000B0AF4 /* PBXTargetDependency */ = {
			isa = PBXTargetDependency;
			target = D8F83F872D155ADA0005D165 /* OmnipodKit */;
			targetProxy = D8D0ED502D74EFC6000B0AF4 /* PBXContainerItemProxy */;
		};
/* End PBXTargetDependency section */

/* Begin XCBuildConfiguration section */
		D889B23F2D2B4BFE00C8E64C /* Debug */ = {
			isa = XCBuildConfiguration;
			buildSettings = {
				BUILD_LIBRARY_FOR_DISTRIBUTION = NO;
				CODE_SIGN_IDENTITY = "";
				CODE_SIGN_STYLE = Automatic;
				CURRENT_PROJECT_VERSION = 1;
				DEFINES_MODULE = NO;
				DYLIB_COMPATIBILITY_VERSION = 1;
				DYLIB_CURRENT_VERSION = 1;
				DYLIB_INSTALL_NAME_BASE = "@rpath";
				ENABLE_MODULE_VERIFIER = NO;
				GENERATE_INFOPLIST_FILE = NO;
				INFOPLIST_FILE = OmnipodKitPlugin/Info.plist;
				INFOPLIST_KEY_CFBundleDisplayName = "Copyright © 2025 LoopKit Authors. All rights reserved.";
				INFOPLIST_KEY_NSPrincipalClass = "";
				INSTALL_PATH = "$(LOCAL_LIBRARY_DIR)/Frameworks";
				IPHONEOS_DEPLOYMENT_TARGET = 17.6;
				LD_DYLIB_INSTALL_NAME = "";
				LD_RUNPATH_SEARCH_PATHS = (
					"$(inherited)",
					"@executable_path/Frameworks",
					"@loader_path/Frameworks",
				);
				LOCALIZATION_PREFERS_STRING_CATALOGS = YES;
				MARKETING_VERSION = 1.0;
				MODULE_VERIFIER_SUPPORTED_LANGUAGES = "objective-c objective-c++";
				MODULE_VERIFIER_SUPPORTED_LANGUAGE_STANDARDS = "gnu17 gnu++20";
				PRODUCT_BUNDLE_IDENTIFIER = org.loopkit.OmnipodKitPlugin;
				PRODUCT_NAME = "$(TARGET_NAME:c99extidentifier)";
				SKIP_INSTALL = YES;
				SUPPORTED_PLATFORMS = "iphoneos iphonesimulator";
				SUPPORTS_MACCATALYST = NO;
				SUPPORTS_MAC_DESIGNED_FOR_IPHONE_IPAD = NO;
				SUPPORTS_XR_DESIGNED_FOR_IPHONE_IPAD = YES;
				SWIFT_EMIT_LOC_STRINGS = YES;
				SWIFT_INSTALL_OBJC_HEADER = YES;
				SWIFT_VERSION = 5.0;
				TARGETED_DEVICE_FAMILY = 1;
				WRAPPER_EXTENSION = loopplugin;
			};
			name = Debug;
		};
		D889B2402D2B4BFE00C8E64C /* Release */ = {
			isa = XCBuildConfiguration;
			buildSettings = {
				BUILD_LIBRARY_FOR_DISTRIBUTION = NO;
				CODE_SIGN_IDENTITY = "";
				CODE_SIGN_STYLE = Automatic;
				CURRENT_PROJECT_VERSION = 1;
				DEFINES_MODULE = NO;
				DYLIB_COMPATIBILITY_VERSION = 1;
				DYLIB_CURRENT_VERSION = 1;
				DYLIB_INSTALL_NAME_BASE = "@rpath";
				ENABLE_MODULE_VERIFIER = NO;
				GENERATE_INFOPLIST_FILE = NO;
				INFOPLIST_FILE = OmnipodKitPlugin/Info.plist;
				INFOPLIST_KEY_CFBundleDisplayName = "Copyright © 2025 LoopKit Authors. All rights reserved.";
				INFOPLIST_KEY_NSPrincipalClass = "";
				INSTALL_PATH = "$(LOCAL_LIBRARY_DIR)/Frameworks";
				IPHONEOS_DEPLOYMENT_TARGET = 17.6;
				LD_DYLIB_INSTALL_NAME = "";
				LD_RUNPATH_SEARCH_PATHS = (
					"$(inherited)",
					"@executable_path/Frameworks",
					"@loader_path/Frameworks",
				);
				LOCALIZATION_PREFERS_STRING_CATALOGS = YES;
				MARKETING_VERSION = 1.0;
				MODULE_VERIFIER_SUPPORTED_LANGUAGES = "objective-c objective-c++";
				MODULE_VERIFIER_SUPPORTED_LANGUAGE_STANDARDS = "gnu17 gnu++20";
				PRODUCT_BUNDLE_IDENTIFIER = org.loopkit.OmnipodKitPlugin;
				PRODUCT_NAME = "$(TARGET_NAME:c99extidentifier)";
				SKIP_INSTALL = YES;
				SUPPORTED_PLATFORMS = "iphoneos iphonesimulator";
				SUPPORTS_MACCATALYST = NO;
				SUPPORTS_MAC_DESIGNED_FOR_IPHONE_IPAD = NO;
				SUPPORTS_XR_DESIGNED_FOR_IPHONE_IPAD = YES;
				SWIFT_EMIT_LOC_STRINGS = YES;
				SWIFT_INSTALL_OBJC_HEADER = YES;
				SWIFT_VERSION = 5.0;
				TARGETED_DEVICE_FAMILY = 1;
				WRAPPER_EXTENSION = loopplugin;
			};
			name = Release;
		};
		D8D0EB6E2D744A24000B0AF4 /* Debug */ = {
			isa = XCBuildConfiguration;
			buildSettings = {
				CLANG_CXX_LANGUAGE_STANDARD = "gnu++20";
				CODE_SIGN_STYLE = Automatic;
				ENABLE_USER_SCRIPT_SANDBOXING = YES;
				GCC_C_LANGUAGE_STANDARD = gnu17;
				LOCALIZATION_PREFERS_STRING_CATALOGS = YES;
				MACOSX_DEPLOYMENT_TARGET = 15.2;
				PRODUCT_NAME = "$(TARGET_NAME)";
				SDKROOT = macosx;
				SWIFT_VERSION = 5.0;
			};
			name = Debug;
		};
		D8D0EB6F2D744A24000B0AF4 /* Release */ = {
			isa = XCBuildConfiguration;
			buildSettings = {
				CLANG_CXX_LANGUAGE_STANDARD = "gnu++20";
				CODE_SIGN_STYLE = Automatic;
				ENABLE_USER_SCRIPT_SANDBOXING = YES;
				GCC_C_LANGUAGE_STANDARD = gnu17;
				LOCALIZATION_PREFERS_STRING_CATALOGS = YES;
				MACOSX_DEPLOYMENT_TARGET = 15.2;
				PRODUCT_NAME = "$(TARGET_NAME)";
				SDKROOT = macosx;
				SWIFT_VERSION = 5.0;
			};
			name = Release;
		};
		D8D0ED1D2D74EF41000B0AF4 /* Debug */ = {
			isa = XCBuildConfiguration;
			buildSettings = {
				CLANG_CXX_LANGUAGE_STANDARD = "gnu++20";
				"CODE_SIGN_IDENTITY[sdk=macosx*]" = "Apple Development";
				CODE_SIGN_STYLE = Automatic;
				CURRENT_PROJECT_VERSION = 1;
				DEVELOPMENT_TEAM = "";
				ENABLE_USER_SCRIPT_SANDBOXING = YES;
				GCC_C_LANGUAGE_STANDARD = gnu17;
				GENERATE_INFOPLIST_FILE = YES;
				LOCALIZATION_PREFERS_STRING_CATALOGS = YES;
				MACOSX_DEPLOYMENT_TARGET = 15.2;
				MARKETING_VERSION = 1.0;
				PRODUCT_BUNDLE_IDENTIFIER = org.loopkit.OmniTests;
				PRODUCT_NAME = "$(TARGET_NAME)";
				SDKROOT = macosx;
				SUPPORTED_PLATFORMS = "iphoneos iphonesimulator";
				SUPPORTS_MACCATALYST = NO;
				SWIFT_EMIT_LOC_STRINGS = NO;
				SWIFT_VERSION = 5.0;
				TARGETED_DEVICE_FAMILY = "1,2";
			};
			name = Debug;
		};
		D8D0ED1E2D74EF41000B0AF4 /* Release */ = {
			isa = XCBuildConfiguration;
			buildSettings = {
				CLANG_CXX_LANGUAGE_STANDARD = "gnu++20";
				"CODE_SIGN_IDENTITY[sdk=macosx*]" = "Apple Development";
				CODE_SIGN_STYLE = Automatic;
				CURRENT_PROJECT_VERSION = 1;
				DEVELOPMENT_TEAM = "";
				ENABLE_USER_SCRIPT_SANDBOXING = YES;
				GCC_C_LANGUAGE_STANDARD = gnu17;
				GENERATE_INFOPLIST_FILE = YES;
				LOCALIZATION_PREFERS_STRING_CATALOGS = YES;
				MACOSX_DEPLOYMENT_TARGET = 15.2;
				MARKETING_VERSION = 1.0;
				PRODUCT_BUNDLE_IDENTIFIER = org.loopkit.OmniTests;
				PRODUCT_NAME = "$(TARGET_NAME)";
				SDKROOT = macosx;
				SUPPORTED_PLATFORMS = "iphoneos iphonesimulator";
				SUPPORTS_MACCATALYST = NO;
				SWIFT_EMIT_LOC_STRINGS = NO;
				SWIFT_VERSION = 5.0;
				TARGETED_DEVICE_FAMILY = "1,2";
			};
			name = Release;
		};
		D8F83F8F2D155ADA0005D165 /* Debug */ = {
			isa = XCBuildConfiguration;
			buildSettings = {
				BUILD_LIBRARY_FOR_DISTRIBUTION = NO;
				CODE_SIGN_STYLE = Automatic;
				CURRENT_PROJECT_VERSION = 1;
				DEFINES_MODULE = YES;
				DEVELOPMENT_TEAM = "";
				DYLIB_COMPATIBILITY_VERSION = 1;
				DYLIB_CURRENT_VERSION = 1;
				DYLIB_INSTALL_NAME_BASE = "@rpath";
				ENABLE_MODULE_VERIFIER = YES;
				GENERATE_INFOPLIST_FILE = NO;
				INFOPLIST_FILE = OmnipodKit/Info.plist;
				INSTALL_PATH = "$(LOCAL_LIBRARY_DIR)/Frameworks";
				IPHONEOS_DEPLOYMENT_TARGET = 17.6;
				LD_RUNPATH_SEARCH_PATHS = (
					"$(inherited)",
					"@executable_path/Frameworks",
					"@loader_path/Frameworks",
				);
				LOCALIZATION_PREFERS_STRING_CATALOGS = YES;
				LOCALIZED_STRING_MACRO_NAMES = (
					NSLocalizedString,
					CFCopyLocalizedString,
					LocalizedString,
					FrameworkLocalText,
				);
				MARKETING_VERSION = 1.0;
				MODULE_VERIFIER_SUPPORTED_LANGUAGES = "objective-c objective-c++";
				MODULE_VERIFIER_SUPPORTED_LANGUAGE_STANDARDS = "gnu17 gnu++20";
				PRODUCT_BUNDLE_IDENTIFIER = org.loopkit.OmnipodKit;
				PRODUCT_NAME = "$(TARGET_NAME:c99extidentifier)";
				SKIP_INSTALL = YES;
				SUPPORTED_PLATFORMS = "iphoneos iphonesimulator";
				SUPPORTS_MACCATALYST = NO;
				SUPPORTS_MAC_DESIGNED_FOR_IPHONE_IPAD = NO;
				SWIFT_EMIT_LOC_STRINGS = YES;
				SWIFT_INSTALL_OBJC_HEADER = NO;
				SWIFT_VERSION = 5.0;
				TARGETED_DEVICE_FAMILY = "1,2";
			};
			name = Debug;
		};
		D8F83F902D155ADA0005D165 /* Release */ = {
			isa = XCBuildConfiguration;
			buildSettings = {
				BUILD_LIBRARY_FOR_DISTRIBUTION = NO;
				CODE_SIGN_STYLE = Automatic;
				CURRENT_PROJECT_VERSION = 1;
				DEFINES_MODULE = YES;
				DEVELOPMENT_TEAM = "";
				DYLIB_COMPATIBILITY_VERSION = 1;
				DYLIB_CURRENT_VERSION = 1;
				DYLIB_INSTALL_NAME_BASE = "@rpath";
				ENABLE_MODULE_VERIFIER = YES;
				GENERATE_INFOPLIST_FILE = NO;
				INFOPLIST_FILE = OmnipodKit/Info.plist;
				INSTALL_PATH = "$(LOCAL_LIBRARY_DIR)/Frameworks";
				IPHONEOS_DEPLOYMENT_TARGET = 17.6;
				LD_RUNPATH_SEARCH_PATHS = (
					"$(inherited)",
					"@executable_path/Frameworks",
					"@loader_path/Frameworks",
				);
				LOCALIZATION_PREFERS_STRING_CATALOGS = YES;
				LOCALIZED_STRING_MACRO_NAMES = (
					NSLocalizedString,
					CFCopyLocalizedString,
					LocalizedString,
					FrameworkLocalText,
				);
				MARKETING_VERSION = 1.0;
				MODULE_VERIFIER_SUPPORTED_LANGUAGES = "objective-c objective-c++";
				MODULE_VERIFIER_SUPPORTED_LANGUAGE_STANDARDS = "gnu17 gnu++20";
				PRODUCT_BUNDLE_IDENTIFIER = org.loopkit.OmnipodKit;
				PRODUCT_NAME = "$(TARGET_NAME:c99extidentifier)";
				SKIP_INSTALL = YES;
				SUPPORTED_PLATFORMS = "iphoneos iphonesimulator";
				SUPPORTS_MACCATALYST = NO;
				SUPPORTS_MAC_DESIGNED_FOR_IPHONE_IPAD = NO;
				SWIFT_EMIT_LOC_STRINGS = YES;
				SWIFT_INSTALL_OBJC_HEADER = NO;
				SWIFT_VERSION = 5.0;
				TARGETED_DEVICE_FAMILY = "1,2";
			};
			name = Release;
		};
		D8F83F912D155ADA0005D165 /* Debug */ = {
			isa = XCBuildConfiguration;
			buildSettings = {
				ALWAYS_SEARCH_USER_PATHS = NO;
				ASSETCATALOG_COMPILER_GENERATE_SWIFT_ASSET_SYMBOL_EXTENSIONS = YES;
				BUILD_LIBRARY_FOR_DISTRIBUTION = NO;
				CLANG_ANALYZER_LOCALIZABILITY_NONLOCALIZED = YES;
				CLANG_ANALYZER_NONNULL = YES;
				CLANG_ANALYZER_NUMBER_OBJECT_CONVERSION = YES_AGGRESSIVE;
				CLANG_CXX_LANGUAGE_STANDARD = "gnu++14";
				CLANG_ENABLE_MODULES = YES;
				CLANG_ENABLE_OBJC_ARC = YES;
				CLANG_ENABLE_OBJC_WEAK = YES;
				CLANG_WARN_BLOCK_CAPTURE_AUTORELEASING = YES;
				CLANG_WARN_BOOL_CONVERSION = YES;
				CLANG_WARN_COMMA = YES;
				CLANG_WARN_CONSTANT_CONVERSION = YES;
				CLANG_WARN_DEPRECATED_OBJC_IMPLEMENTATIONS = YES;
				CLANG_WARN_DIRECT_OBJC_ISA_USAGE = YES_ERROR;
				CLANG_WARN_DOCUMENTATION_COMMENTS = YES;
				CLANG_WARN_EMPTY_BODY = YES;
				CLANG_WARN_ENUM_CONVERSION = YES;
				CLANG_WARN_INFINITE_RECURSION = YES;
				CLANG_WARN_INT_CONVERSION = YES;
				CLANG_WARN_NON_LITERAL_NULL_CONVERSION = YES;
				CLANG_WARN_OBJC_IMPLICIT_RETAIN_SELF = YES;
				CLANG_WARN_OBJC_LITERAL_CONVERSION = YES;
				CLANG_WARN_OBJC_ROOT_CLASS = YES_ERROR;
				CLANG_WARN_QUOTED_INCLUDE_IN_FRAMEWORK_HEADER = YES;
				CLANG_WARN_RANGE_LOOP_ANALYSIS = YES;
				CLANG_WARN_STRICT_PROTOTYPES = YES;
				CLANG_WARN_SUSPICIOUS_MOVE = YES;
				CLANG_WARN_UNGUARDED_AVAILABILITY = YES_AGGRESSIVE;
				CLANG_WARN_UNREACHABLE_CODE = YES;
				CLANG_WARN__DUPLICATE_METHOD_MATCH = YES;
				COPY_PHASE_STRIP = NO;
				CURRENT_PROJECT_VERSION = 1;
				DEBUG_INFORMATION_FORMAT = dwarf;
				ENABLE_STRICT_OBJC_MSGSEND = YES;
				ENABLE_TESTABILITY = YES;
				ENABLE_USER_SCRIPT_SANDBOXING = NO;
				GCC_C_LANGUAGE_STANDARD = gnu11;
				GCC_DYNAMIC_NO_PIC = NO;
				GCC_NO_COMMON_BLOCKS = YES;
				GCC_OPTIMIZATION_LEVEL = 0;
				GCC_PREPROCESSOR_DEFINITIONS = (
					"DEBUG=1",
					"$(inherited)",
				);
				GCC_WARN_64_TO_32_BIT_CONVERSION = YES;
				GCC_WARN_ABOUT_RETURN_TYPE = YES_ERROR;
				GCC_WARN_UNDECLARED_SELECTOR = YES;
				GCC_WARN_UNINITIALIZED_AUTOS = YES_AGGRESSIVE;
				GCC_WARN_UNUSED_FUNCTION = YES;
				GCC_WARN_UNUSED_VARIABLE = YES;
				IPHONEOS_DEPLOYMENT_TARGET = 17.6;
				LOCALIZATION_PREFERS_STRING_CATALOGS = NO;
				LOCALIZED_STRING_MACRO_NAMES = (
					NSLocalizedString,
					CFCopyLocalizedString,
					LocalizedString,
					FrameworkLocalText,
				);
				MTL_ENABLE_DEBUG_INFO = INCLUDE_SOURCE;
				MTL_FAST_MATH = YES;
				ONLY_ACTIVE_ARCH = YES;
				SDKROOT = iphoneos;
				SWIFT_ACTIVE_COMPILATION_CONDITIONS = "DEBUG $(inherited)";
				SWIFT_EMIT_LOC_STRINGS = YES;
				SWIFT_OPTIMIZATION_LEVEL = "-Onone";
				VERSIONING_SYSTEM = "apple-generic";
				VERSION_INFO_PREFIX = "";
			};
			name = Debug;
		};
		D8F83F922D155ADA0005D165 /* Release */ = {
			isa = XCBuildConfiguration;
			buildSettings = {
				ALWAYS_SEARCH_USER_PATHS = NO;
				ASSETCATALOG_COMPILER_GENERATE_SWIFT_ASSET_SYMBOL_EXTENSIONS = YES;
				BUILD_LIBRARY_FOR_DISTRIBUTION = NO;
				CLANG_ANALYZER_LOCALIZABILITY_NONLOCALIZED = YES;
				CLANG_ANALYZER_NONNULL = YES;
				CLANG_ANALYZER_NUMBER_OBJECT_CONVERSION = YES_AGGRESSIVE;
				CLANG_CXX_LANGUAGE_STANDARD = "gnu++14";
				CLANG_ENABLE_MODULES = YES;
				CLANG_ENABLE_OBJC_ARC = YES;
				CLANG_ENABLE_OBJC_WEAK = YES;
				CLANG_WARN_BLOCK_CAPTURE_AUTORELEASING = YES;
				CLANG_WARN_BOOL_CONVERSION = YES;
				CLANG_WARN_COMMA = YES;
				CLANG_WARN_CONSTANT_CONVERSION = YES;
				CLANG_WARN_DEPRECATED_OBJC_IMPLEMENTATIONS = YES;
				CLANG_WARN_DIRECT_OBJC_ISA_USAGE = YES_ERROR;
				CLANG_WARN_DOCUMENTATION_COMMENTS = YES;
				CLANG_WARN_EMPTY_BODY = YES;
				CLANG_WARN_ENUM_CONVERSION = YES;
				CLANG_WARN_INFINITE_RECURSION = YES;
				CLANG_WARN_INT_CONVERSION = YES;
				CLANG_WARN_NON_LITERAL_NULL_CONVERSION = YES;
				CLANG_WARN_OBJC_IMPLICIT_RETAIN_SELF = YES;
				CLANG_WARN_OBJC_LITERAL_CONVERSION = YES;
				CLANG_WARN_OBJC_ROOT_CLASS = YES_ERROR;
				CLANG_WARN_QUOTED_INCLUDE_IN_FRAMEWORK_HEADER = YES;
				CLANG_WARN_RANGE_LOOP_ANALYSIS = YES;
				CLANG_WARN_STRICT_PROTOTYPES = YES;
				CLANG_WARN_SUSPICIOUS_MOVE = YES;
				CLANG_WARN_UNGUARDED_AVAILABILITY = YES_AGGRESSIVE;
				CLANG_WARN_UNREACHABLE_CODE = YES;
				CLANG_WARN__DUPLICATE_METHOD_MATCH = YES;
				COPY_PHASE_STRIP = NO;
				CURRENT_PROJECT_VERSION = 1;
				DEBUG_INFORMATION_FORMAT = "dwarf-with-dsym";
				ENABLE_NS_ASSERTIONS = NO;
				ENABLE_STRICT_OBJC_MSGSEND = YES;
				ENABLE_USER_SCRIPT_SANDBOXING = NO;
				GCC_C_LANGUAGE_STANDARD = gnu11;
				GCC_NO_COMMON_BLOCKS = YES;
				GCC_WARN_64_TO_32_BIT_CONVERSION = YES;
				GCC_WARN_ABOUT_RETURN_TYPE = YES_ERROR;
				GCC_WARN_UNDECLARED_SELECTOR = YES;
				GCC_WARN_UNINITIALIZED_AUTOS = YES_AGGRESSIVE;
				GCC_WARN_UNUSED_FUNCTION = YES;
				GCC_WARN_UNUSED_VARIABLE = YES;
				IPHONEOS_DEPLOYMENT_TARGET = 17.6;
				LOCALIZATION_PREFERS_STRING_CATALOGS = NO;
				LOCALIZED_STRING_MACRO_NAMES = (
					NSLocalizedString,
					CFCopyLocalizedString,
					LocalizedString,
					FrameworkLocalText,
				);
				MTL_ENABLE_DEBUG_INFO = NO;
				MTL_FAST_MATH = YES;
				SDKROOT = iphoneos;
				SWIFT_COMPILATION_MODE = wholemodule;
				SWIFT_EMIT_LOC_STRINGS = YES;
				VALIDATE_PRODUCT = YES;
				VERSIONING_SYSTEM = "apple-generic";
				VERSION_INFO_PREFIX = "";
			};
			name = Release;
		};
/* End XCBuildConfiguration section */

/* Begin XCConfigurationList section */
		D889B23E2D2B4BFE00C8E64C /* Build configuration list for PBXNativeTarget "OmnipodKitPlugin" */ = {
			isa = XCConfigurationList;
			buildConfigurations = (
				D889B23F2D2B4BFE00C8E64C /* Debug */,
				D889B2402D2B4BFE00C8E64C /* Release */,
			);
			defaultConfigurationIsVisible = 0;
			defaultConfigurationName = Release;
		};
		D8D0EB702D744A24000B0AF4 /* Build configuration list for PBXNativeTarget "OmniParser" */ = {
			isa = XCConfigurationList;
			buildConfigurations = (
				D8D0EB6E2D744A24000B0AF4 /* Debug */,
				D8D0EB6F2D744A24000B0AF4 /* Release */,
			);
			defaultConfigurationIsVisible = 0;
			defaultConfigurationName = Release;
		};
		D8D0ED1C2D74EF41000B0AF4 /* Build configuration list for PBXNativeTarget "OmniTests" */ = {
			isa = XCConfigurationList;
			buildConfigurations = (
				D8D0ED1D2D74EF41000B0AF4 /* Debug */,
				D8D0ED1E2D74EF41000B0AF4 /* Release */,
			);
			defaultConfigurationIsVisible = 0;
			defaultConfigurationName = Release;
		};
		D8F83F822D155ADA0005D165 /* Build configuration list for PBXProject "OmnipodKit" */ = {
			isa = XCConfigurationList;
			buildConfigurations = (
				D8F83F912D155ADA0005D165 /* Debug */,
				D8F83F922D155ADA0005D165 /* Release */,
			);
			defaultConfigurationIsVisible = 0;
			defaultConfigurationName = Release;
		};
		D8F83F8E2D155ADA0005D165 /* Build configuration list for PBXNativeTarget "OmnipodKit" */ = {
			isa = XCConfigurationList;
			buildConfigurations = (
				D8F83F8F2D155ADA0005D165 /* Debug */,
				D8F83F902D155ADA0005D165 /* Release */,
			);
			defaultConfigurationIsVisible = 0;
			defaultConfigurationName = Release;
		};
/* End XCConfigurationList section */

/* Begin XCRemoteSwiftPackageReference section */
		D82CA8F82D4B7305009C5276 /* XCRemoteSwiftPackageReference "CryptoSwift" */ = {
			isa = XCRemoteSwiftPackageReference;
			repositoryURL = "https://github.com/krzyzanowskim/CryptoSwift";
			requirement = {
				kind = upToNextMajorVersion;
				minimumVersion = 1.4.1;
			};
		};
		D8F83FB32D1563B70005D165 /* XCRemoteSwiftPackageReference "SlideButton" */ = {
			isa = XCRemoteSwiftPackageReference;
			repositoryURL = "https://github.com/no-comment/SlideButton";
			requirement = {
				branch = main;
				kind = branch;
			};
		};
/* End XCRemoteSwiftPackageReference section */

/* Begin XCSwiftPackageProductDependency section */
		D82CA8F92D4B7305009C5276 /* CryptoSwift */ = {
			isa = XCSwiftPackageProductDependency;
			package = D82CA8F82D4B7305009C5276 /* XCRemoteSwiftPackageReference "CryptoSwift" */;
			productName = CryptoSwift;
		};
		D8F83FB42D1563B70005D165 /* SlideButton */ = {
			isa = XCSwiftPackageProductDependency;
			package = D8F83FB32D1563B70005D165 /* XCRemoteSwiftPackageReference "SlideButton" */;
			productName = SlideButton;
		};
/* End XCSwiftPackageProductDependency section */
	};
	rootObject = D8F83F7F2D155ADA0005D165 /* Project object */;
}
